
Microsoft Visual Studio Solution File, Format Version 10.00
# Visual Studio 2008
Project("{FAE04EC0-301F-11D3-BF4B-00C04F79EFBC}") = "PizzaApp", "PizzaApp.csproj", "{C1DCF369-66A2-4D7B-BF8F-8A1DD0018971}"
EndProject
Global
	GlobalSection(SolutionConfigurationPlatforms) = preSolution
		Debug|Any CPU = Debug|Any CPU
		Release|Any CPU = Release|Any CPU
	EndGlobalSection
	GlobalSection(ProjectConfigurationPlatforms) = postSolution
		{C1DCF369-66A2-4D7B-BF8F-8A1DD0018971}.Debug|Any CPU.ActiveCfg = Debug|Any CPU
		{C1DCF369-66A2-4D7B-BF8F-8A1DD0018971}.Debug|Any CPU.Build.0 = Debug|Any CPU
		{C1DCF369-66A2-4D7B-BF8F-8A1DD0018971}.Release|Any CPU.ActiveCfg = Release|Any CPU
		{C1DCF369-66A2-4D7B-BF8F-8A1DD0018971}.Release|Any CPU.Build.0 = Release|Any CPU
	EndGlobalSection
	GlobalSection(SolutionProperties) = preSolution
		HideSolutionNode = FALSE
	EndGlobalSection
EndGlobal
